
Microsoft Visual Studio Solution File, Format Version 12.00
# Visual Studio Version 17
VisualStudioVersion = 17.0.31825.309
MinimumVisualStudioVersion = 10.0.40219.1
Project("{FAE04EC0-301F-11D3-BF4B-00C04F79EFBC}") = "ATIVIDADE_POO_12112021_GIANPIEROGIGLIO", "ATIVIDADE_POO_12112021_GIANPIEROGIGLIO\ATIVIDADE_POO_12112021_GIANPIEROGIGLIO.csproj", "{11BDBCD7-E01E-4ECB-B430-A786E95FD9AE}"
EndProject
Global
	GlobalSection(SolutionConfigurationPlatforms) = preSolution
		Debug|Any CPU = Debug|Any CPU
		Release|Any CPU = Release|Any CPU
	EndGlobalSection
	GlobalSection(ProjectConfigurationPlatforms) = postSolution
		{11BDBCD7-E01E-4ECB-B430-A786E95FD9AE}.Debug|Any CPU.ActiveCfg = Debug|Any CPU
		{11BDBCD7-E01E-4ECB-B430-A786E95FD9AE}.Debug|Any CPU.Build.0 = Debug|Any CPU
		{11BDBCD7-E01E-4ECB-B430-A786E95FD9AE}.Release|Any CPU.ActiveCfg = Release|Any CPU
		{11BDBCD7-E01E-4ECB-B430-A786E95FD9AE}.Release|Any CPU.Build.0 = Release|Any CPU
	EndGlobalSection
	GlobalSection(SolutionProperties) = preSolution
		HideSolutionNode = FALSE
	EndGlobalSection
	GlobalSection(ExtensibilityGlobals) = postSolution
		SolutionGuid = {954ACC11-AF91-40B1-B87D-7B1B912E2AB2}
	EndGlobalSection
EndGlobal
